// !$*UTF8*$!
{
	archiveVersion = 1;
	classes = {
	};
	objectVersion = 48;
	objects = {

/* Begin PBXBuildFile section */
		032938152056E0DE007415A9 /* OAuthViewController.swift in Sources */ = {isa = PBXBuildFile; fileRef = 032938142056E0DE007415A9 /* OAuthViewController.swift */; };
		032938E92057B4BA007415A9 /* UserAccount.swift in Sources */ = {isa = PBXBuildFile; fileRef = 032938E82057B4BA007415A9 /* UserAccount.swift */; };
		032938EB2057B6BC007415A9 /* NetWorkTools.swift in Sources */ = {isa = PBXBuildFile; fileRef = 032938EA2057B6BC007415A9 /* NetWorkTools.swift */; };
		032938ED2057B76F007415A9 /* Sting+Category.swift in Sources */ = {isa = PBXBuildFile; fileRef = 032938EC2057B76F007415A9 /* Sting+Category.swift */; };
		032938F02057BB7B007415A9 /* Global.swift in Sources */ = {isa = PBXBuildFile; fileRef = 032938EF2057BB7B007415A9 /* Global.swift */; };
		0343DD16205C481900A1B21E /* NewFeatureViewController.swift in Sources */ = {isa = PBXBuildFile; fileRef = 0343DD15205C481900A1B21E /* NewFeatureViewController.swift */; };
		0343DD18205D15E900A1B21E /* WelcomeViewController.swift in Sources */ = {isa = PBXBuildFile; fileRef = 0343DD17205D15E900A1B21E /* WelcomeViewController.swift */; };
		03BD860C2060AAC9001132CB /* Status.swift in Sources */ = {isa = PBXBuildFile; fileRef = 03BD860B2060AAC9001132CB /* Status.swift */; };
		03BD860E2060B979001132CB /* User.swift in Sources */ = {isa = PBXBuildFile; fileRef = 03BD860D2060B979001132CB /* User.swift */; };
		03BD86102060BCBA001132CB /* StatusTableViewCell.swift in Sources */ = {isa = PBXBuildFile; fileRef = 03BD860F2060BCBA001132CB /* StatusTableViewCell.swift */; };
		03BD86122060DDC0001132CB /* UIColor+Category.swift in Sources */ = {isa = PBXBuildFile; fileRef = 03BD86112060DDC0001132CB /* UIColor+Category.swift */; };
		7A2D7F8A20504E56004FC401 /* AppDelegate.swift in Sources */ = {isa = PBXBuildFile; fileRef = 7A2D7F8920504E56004FC401 /* AppDelegate.swift */; };
		7A2D7F9120504E56004FC401 /* Assets.xcassets in Resources */ = {isa = PBXBuildFile; fileRef = 7A2D7F9020504E56004FC401 /* Assets.xcassets */; };
		7A2D7F9F20504E57004FC401 /* SinaWeiboSwiftTests.swift in Sources */ = {isa = PBXBuildFile; fileRef = 7A2D7F9E20504E57004FC401 /* SinaWeiboSwiftTests.swift */; };
		7A2D7FAA20504E57004FC401 /* SinaWeiboSwiftUITests.swift in Sources */ = {isa = PBXBuildFile; fileRef = 7A2D7FA920504E57004FC401 /* SinaWeiboSwiftUITests.swift */; };
		7A2D7FBB2050505B004FC401 /* YYKit.framework in Frameworks */ = {isa = PBXBuildFile; fileRef = 7A2D7FB72050505A004FC401 /* YYKit.framework */; };
		7A2D7FBC2050505B004FC401 /* SDWebImage.framework in Frameworks */ = {isa = PBXBuildFile; fileRef = 7A2D7FB82050505A004FC401 /* SDWebImage.framework */; };
		7A2D7FBD2050505B004FC401 /* AFNetworking.framework in Frameworks */ = {isa = PBXBuildFile; fileRef = 7A2D7FB92050505B004FC401 /* AFNetworking.framework */; };
		7A2D7FBE2050505B004FC401 /* SVProgressHUD.framework in Frameworks */ = {isa = PBXBuildFile; fileRef = 7A2D7FBA2050505B004FC401 /* SVProgressHUD.framework */; };
		7AAA66C0205301D80006DC5C /* MainViewController.swift in Sources */ = {isa = PBXBuildFile; fileRef = 7AAA66BF205301D80006DC5C /* MainViewController.swift */; };
		7AAA66C2205302340006DC5C /* HomeTableViewController.swift in Sources */ = {isa = PBXBuildFile; fileRef = 7AAA66C1205302340006DC5C /* HomeTableViewController.swift */; };
		7AAA66C42053025B0006DC5C /* MessageTableViewController.swift in Sources */ = {isa = PBXBuildFile; fileRef = 7AAA66C32053025B0006DC5C /* MessageTableViewController.swift */; };
		7AAA66C62053026C0006DC5C /* ProfileTableViewController.swift in Sources */ = {isa = PBXBuildFile; fileRef = 7AAA66C52053026C0006DC5C /* ProfileTableViewController.swift */; };
		7AAA66C82053027F0006DC5C /* DiscoverTableViewController.swift in Sources */ = {isa = PBXBuildFile; fileRef = 7AAA66C72053027F0006DC5C /* DiscoverTableViewController.swift */; };
		7AAA66CA2053073D0006DC5C /* MainVCSettings.json in Resources */ = {isa = PBXBuildFile; fileRef = 7AAA66C92053073D0006DC5C /* MainVCSettings.json */; };
		7AAA66CC2054C7900006DC5C /* NullViewController.swift in Sources */ = {isa = PBXBuildFile; fileRef = 7AAA66CB2054C7900006DC5C /* NullViewController.swift */; };
		7AAA66CE2054D7300006DC5C /* BaseTableViewController.swift in Sources */ = {isa = PBXBuildFile; fileRef = 7AAA66CD2054D7300006DC5C /* BaseTableViewController.swift */; };
		7AAA66D02054D8C90006DC5C /* VisitorView.swift in Sources */ = {isa = PBXBuildFile; fileRef = 7AAA66CF2054D8C90006DC5C /* VisitorView.swift */; };
		7AAA66D22055891C0006DC5C /* UIBarButtonItem+Category.swift in Sources */ = {isa = PBXBuildFile; fileRef = 7AAA66D12055891C0006DC5C /* UIBarButtonItem+Category.swift */; };
		7AAA66D420558D360006DC5C /* TitleButton.swift in Sources */ = {isa = PBXBuildFile; fileRef = 7AAA66D320558D360006DC5C /* TitleButton.swift */; };
		B22D49F9A6E6AF090FFDFC0F /* Pods_SinaWeiboSwift.framework in Frameworks */ = {isa = PBXBuildFile; fileRef = 9D85783C690FF1E36C649963 /* Pods_SinaWeiboSwift.framework */; };
/* End PBXBuildFile section */

/* Begin PBXContainerItemProxy section */
		7A2D7F9B20504E57004FC401 /* PBXContainerItemProxy */ = {
			isa = PBXContainerItemProxy;
			containerPortal = 7A2D7F7E20504E56004FC401 /* Project object */;
			proxyType = 1;
			remoteGlobalIDString = 7A2D7F8520504E56004FC401;
			remoteInfo = SinaWeiboSwift;
		};
		7A2D7FA620504E57004FC401 /* PBXContainerItemProxy */ = {
			isa = PBXContainerItemProxy;
			containerPortal = 7A2D7F7E20504E56004FC401 /* Project object */;
			proxyType = 1;
			remoteGlobalIDString = 7A2D7F8520504E56004FC401;
			remoteInfo = SinaWeiboSwift;
		};
/* End PBXContainerItemProxy section */

/* Begin PBXFileReference section */
		032938142056E0DE007415A9 /* OAuthViewController.swift */ = {isa = PBXFileReference; lastKnownFileType = sourcecode.swift; path = OAuthViewController.swift; sourceTree = "<group>"; };
		032938E82057B4BA007415A9 /* UserAccount.swift */ = {isa = PBXFileReference; lastKnownFileType = sourcecode.swift; path = UserAccount.swift; sourceTree = "<group>"; };
		032938EA2057B6BC007415A9 /* NetWorkTools.swift */ = {isa = PBXFileReference; lastKnownFileType = sourcecode.swift; path = NetWorkTools.swift; sourceTree = "<group>"; };
		032938EC2057B76F007415A9 /* Sting+Category.swift */ = {isa = PBXFileReference; fileEncoding = 4; lastKnownFileType = sourcecode.swift; path = "Sting+Category.swift"; sourceTree = "<group>"; };
		032938EF2057BB7B007415A9 /* Global.swift */ = {isa = PBXFileReference; lastKnownFileType = sourcecode.swift; path = Global.swift; sourceTree = "<group>"; };
		0343DD15205C481900A1B21E /* NewFeatureViewController.swift */ = {isa = PBXFileReference; lastKnownFileType = sourcecode.swift; path = NewFeatureViewController.swift; sourceTree = "<group>"; };
		0343DD17205D15E900A1B21E /* WelcomeViewController.swift */ = {isa = PBXFileReference; lastKnownFileType = sourcecode.swift; path = WelcomeViewController.swift; sourceTree = "<group>"; };
		03BD860B2060AAC9001132CB /* Status.swift */ = {isa = PBXFileReference; lastKnownFileType = sourcecode.swift; path = Status.swift; sourceTree = "<group>"; };
		03BD860D2060B979001132CB /* User.swift */ = {isa = PBXFileReference; lastKnownFileType = sourcecode.swift; path = User.swift; sourceTree = "<group>"; };
		03BD860F2060BCBA001132CB /* StatusTableViewCell.swift */ = {isa = PBXFileReference; lastKnownFileType = sourcecode.swift; path = StatusTableViewCell.swift; sourceTree = "<group>"; };
		03BD86112060DDC0001132CB /* UIColor+Category.swift */ = {isa = PBXFileReference; fileEncoding = 4; lastKnownFileType = sourcecode.swift; path = "UIColor+Category.swift"; sourceTree = "<group>"; };
		721D07410CABE70FE25A706A /* Pods-SinaWeiboSwift.release.xcconfig */ = {isa = PBXFileReference; includeInIndex = 1; lastKnownFileType = text.xcconfig; name = "Pods-SinaWeiboSwift.release.xcconfig"; path = "Pods/Target Support Files/Pods-SinaWeiboSwift/Pods-SinaWeiboSwift.release.xcconfig"; sourceTree = "<group>"; };
		7A2D7F8620504E56004FC401 /* SinaWeiboSwift.app */ = {isa = PBXFileReference; explicitFileType = wrapper.application; includeInIndex = 0; path = SinaWeiboSwift.app; sourceTree = BUILT_PRODUCTS_DIR; };
		7A2D7F8920504E56004FC401 /* AppDelegate.swift */ = {isa = PBXFileReference; lastKnownFileType = sourcecode.swift; path = AppDelegate.swift; sourceTree = "<group>"; };
		7A2D7F9020504E56004FC401 /* Assets.xcassets */ = {isa = PBXFileReference; lastKnownFileType = folder.assetcatalog; path = Assets.xcassets; sourceTree = "<group>"; };
		7A2D7F9520504E56004FC401 /* Info.plist */ = {isa = PBXFileReference; lastKnownFileType = text.plist.xml; path = Info.plist; sourceTree = "<group>"; };
		7A2D7F9A20504E57004FC401 /* SinaWeiboSwiftTests.xctest */ = {isa = PBXFileReference; explicitFileType = wrapper.cfbundle; includeInIndex = 0; path = SinaWeiboSwiftTests.xctest; sourceTree = BUILT_PRODUCTS_DIR; };
		7A2D7F9E20504E57004FC401 /* SinaWeiboSwiftTests.swift */ = {isa = PBXFileReference; lastKnownFileType = sourcecode.swift; path = SinaWeiboSwiftTests.swift; sourceTree = "<group>"; };
		7A2D7FA020504E57004FC401 /* Info.plist */ = {isa = PBXFileReference; lastKnownFileType = text.plist.xml; path = Info.plist; sourceTree = "<group>"; };
		7A2D7FA520504E57004FC401 /* SinaWeiboSwiftUITests.xctest */ = {isa = PBXFileReference; explicitFileType = wrapper.cfbundle; includeInIndex = 0; path = SinaWeiboSwiftUITests.xctest; sourceTree = BUILT_PRODUCTS_DIR; };
		7A2D7FA920504E57004FC401 /* SinaWeiboSwiftUITests.swift */ = {isa = PBXFileReference; lastKnownFileType = sourcecode.swift; path = SinaWeiboSwiftUITests.swift; sourceTree = "<group>"; };
		7A2D7FAB20504E57004FC401 /* Info.plist */ = {isa = PBXFileReference; lastKnownFileType = text.plist.xml; path = Info.plist; sourceTree = "<group>"; };
		7A2D7FB72050505A004FC401 /* YYKit.framework */ = {isa = PBXFileReference; lastKnownFileType = wrapper.framework; name = YYKit.framework; path = Carthage/Build/iOS/YYKit.framework; sourceTree = "<group>"; };
		7A2D7FB82050505A004FC401 /* SDWebImage.framework */ = {isa = PBXFileReference; lastKnownFileType = wrapper.framework; name = SDWebImage.framework; path = Carthage/Build/iOS/SDWebImage.framework; sourceTree = "<group>"; };
		7A2D7FB92050505B004FC401 /* AFNetworking.framework */ = {isa = PBXFileReference; lastKnownFileType = wrapper.framework; name = AFNetworking.framework; path = Carthage/Build/iOS/AFNetworking.framework; sourceTree = "<group>"; };
		7A2D7FBA2050505B004FC401 /* SVProgressHUD.framework */ = {isa = PBXFileReference; lastKnownFileType = wrapper.framework; name = SVProgressHUD.framework; path = Carthage/Build/iOS/SVProgressHUD.framework; sourceTree = "<group>"; };
		7AAA66BF205301D80006DC5C /* MainViewController.swift */ = {isa = PBXFileReference; lastKnownFileType = sourcecode.swift; path = MainViewController.swift; sourceTree = "<group>"; };
		7AAA66C1205302340006DC5C /* HomeTableViewController.swift */ = {isa = PBXFileReference; lastKnownFileType = sourcecode.swift; path = HomeTableViewController.swift; sourceTree = "<group>"; };
		7AAA66C32053025B0006DC5C /* MessageTableViewController.swift */ = {isa = PBXFileReference; lastKnownFileType = sourcecode.swift; path = MessageTableViewController.swift; sourceTree = "<group>"; };
		7AAA66C52053026C0006DC5C /* ProfileTableViewController.swift */ = {isa = PBXFileReference; lastKnownFileType = sourcecode.swift; path = ProfileTableViewController.swift; sourceTree = "<group>"; };
		7AAA66C72053027F0006DC5C /* DiscoverTableViewController.swift */ = {isa = PBXFileReference; lastKnownFileType = sourcecode.swift; path = DiscoverTableViewController.swift; sourceTree = "<group>"; };
		7AAA66C92053073D0006DC5C /* MainVCSettings.json */ = {isa = PBXFileReference; fileEncoding = 4; lastKnownFileType = text.json; path = MainVCSettings.json; sourceTree = "<group>"; };
		7AAA66CB2054C7900006DC5C /* NullViewController.swift */ = {isa = PBXFileReference; lastKnownFileType = sourcecode.swift; path = NullViewController.swift; sourceTree = "<group>"; };
		7AAA66CD2054D7300006DC5C /* BaseTableViewController.swift */ = {isa = PBXFileReference; lastKnownFileType = sourcecode.swift; path = BaseTableViewController.swift; sourceTree = "<group>"; };
		7AAA66CF2054D8C90006DC5C /* VisitorView.swift */ = {isa = PBXFileReference; lastKnownFileType = sourcecode.swift; path = VisitorView.swift; sourceTree = "<group>"; };
		7AAA66D12055891C0006DC5C /* UIBarButtonItem+Category.swift */ = {isa = PBXFileReference; lastKnownFileType = sourcecode.swift; path = "UIBarButtonItem+Category.swift"; sourceTree = "<group>"; };
		7AAA66D320558D360006DC5C /* TitleButton.swift */ = {isa = PBXFileReference; lastKnownFileType = sourcecode.swift; path = TitleButton.swift; sourceTree = "<group>"; };
		9D85783C690FF1E36C649963 /* Pods_SinaWeiboSwift.framework */ = {isa = PBXFileReference; explicitFileType = wrapper.framework; includeInIndex = 0; path = Pods_SinaWeiboSwift.framework; sourceTree = BUILT_PRODUCTS_DIR; };
		ADAD87AA74800B5605023A3F /* Pods-SinaWeiboSwift.debug.xcconfig */ = {isa = PBXFileReference; includeInIndex = 1; lastKnownFileType = text.xcconfig; name = "Pods-SinaWeiboSwift.debug.xcconfig"; path = "Pods/Target Support Files/Pods-SinaWeiboSwift/Pods-SinaWeiboSwift.debug.xcconfig"; sourceTree = "<group>"; };
/* End PBXFileReference section */

/* Begin PBXFrameworksBuildPhase section */
		7A2D7F8320504E56004FC401 /* Frameworks */ = {
			isa = PBXFrameworksBuildPhase;
			buildActionMask = 2147483647;
			files = (
				B22D49F9A6E6AF090FFDFC0F /* Pods_SinaWeiboSwift.framework in Frameworks */,
				7A2D7FBB2050505B004FC401 /* YYKit.framework in Frameworks */,
				7A2D7FBC2050505B004FC401 /* SDWebImage.framework in Frameworks */,
				7A2D7FBD2050505B004FC401 /* AFNetworking.framework in Frameworks */,
				7A2D7FBE2050505B004FC401 /* SVProgressHUD.framework in Frameworks */,
			);
			runOnlyForDeploymentPostprocessing = 0;
		};
		7A2D7F9720504E57004FC401 /* Frameworks */ = {
			isa = PBXFrameworksBuildPhase;
			buildActionMask = 2147483647;
			files = (
			);
			runOnlyForDeploymentPostprocessing = 0;
		};
		7A2D7FA220504E57004FC401 /* Frameworks */ = {
			isa = PBXFrameworksBuildPhase;
			buildActionMask = 2147483647;
			files = (
			);
			runOnlyForDeploymentPostprocessing = 0;
		};
/* End PBXFrameworksBuildPhase section */

/* Begin PBXGroup section */
		7A2D7F7D20504E56004FC401 = {
			isa = PBXGroup;
			children = (
				7A2D7F8820504E56004FC401 /* SinaWeiboSwift */,
				7A2D7F9D20504E57004FC401 /* SinaWeiboSwiftTests */,
				7A2D7FA820504E57004FC401 /* SinaWeiboSwiftUITests */,
				7A2D7F8720504E56004FC401 /* Products */,
				C936AC1C19B475D582190013 /* Pods */,
				FECF152D5E8EF98DA182D757 /* Frameworks */,
			);
			sourceTree = "<group>";
		};
		7A2D7F8720504E56004FC401 /* Products */ = {
			isa = PBXGroup;
			children = (
				7A2D7F8620504E56004FC401 /* SinaWeiboSwift.app */,
				7A2D7F9A20504E57004FC401 /* SinaWeiboSwiftTests.xctest */,
				7A2D7FA520504E57004FC401 /* SinaWeiboSwiftUITests.xctest */,
			);
			name = Products;
			sourceTree = "<group>";
		};
		7A2D7F8820504E56004FC401 /* SinaWeiboSwift */ = {
			isa = PBXGroup;
			children = (
				7A2D7FC020505182004FC401 /* Classes */,
				7A2D7F8920504E56004FC401 /* AppDelegate.swift */,
				032938EF2057BB7B007415A9 /* Global.swift */,
				7A2D7F9020504E56004FC401 /* Assets.xcassets */,
				7A2D7F9520504E56004FC401 /* Info.plist */,
			);
			path = SinaWeiboSwift;
			sourceTree = "<group>";
		};
		7A2D7F9D20504E57004FC401 /* SinaWeiboSwiftTests */ = {
			isa = PBXGroup;
			children = (
				7A2D7F9E20504E57004FC401 /* SinaWeiboSwiftTests.swift */,
				7A2D7FA020504E57004FC401 /* Info.plist */,
			);
			path = SinaWeiboSwiftTests;
			sourceTree = "<group>";
		};
		7A2D7FA820504E57004FC401 /* SinaWeiboSwiftUITests */ = {
			isa = PBXGroup;
			children = (
				7A2D7FA920504E57004FC401 /* SinaWeiboSwiftUITests.swift */,
				7A2D7FAB20504E57004FC401 /* Info.plist */,
			);
			path = SinaWeiboSwiftUITests;
			sourceTree = "<group>";
		};
		7A2D7FC020505182004FC401 /* Classes */ = {
			isa = PBXGroup;
			children = (
				7A2D7FC120505182004FC401 /* Category */,
				7A2D7FC220505182004FC401 /* Common */,
				7A2D7FC320505182004FC401 /* Discover */,
				7A2D7FC420505182004FC401 /* Home */,
				7A2D7FCA20505182004FC401 /* Main */,
				7A2D7FCC20505182004FC401 /* Message */,
				7A2D7FCD20505182004FC401 /* NewFeature-新特性 */,
				7A2D7FCE20505182004FC401 /* OAuth */,
				7A2D7FCF20505182004FC401 /* Profile */,
				7A2D7FD020505182004FC401 /* Tools */,
			);
			path = Classes;
			sourceTree = "<group>";
		};
		7A2D7FC120505182004FC401 /* Category */ = {
			isa = PBXGroup;
			children = (
				032938EC2057B76F007415A9 /* Sting+Category.swift */,
				03BD86112060DDC0001132CB /* UIColor+Category.swift */,
			);
			path = Category;
			sourceTree = "<group>";
		};
		7A2D7FC220505182004FC401 /* Common */ = {
			isa = PBXGroup;
			children = (
				7AAA66D12055891C0006DC5C /* UIBarButtonItem+Category.swift */,
				7AAA66D320558D360006DC5C /* TitleButton.swift */,
			);
			path = Common;
			sourceTree = "<group>";
		};
		7A2D7FC320505182004FC401 /* Discover */ = {
			isa = PBXGroup;
			children = (
				7AAA66C72053027F0006DC5C /* DiscoverTableViewController.swift */,
			);
			path = Discover;
			sourceTree = "<group>";
		};
		7A2D7FC420505182004FC401 /* Home */ = {
			isa = PBXGroup;
			children = (
				7A2D7FC520505182004FC401 /* Compose */,
				7A2D7FC620505182004FC401 /* Helper */,
				7A2D7FC720505182004FC401 /* Popover */,
				7A2D7FC820505182004FC401 /* QRCode */,
				7A2D7FC920505182004FC401 /* Timeline */,
				7AAA66C1205302340006DC5C /* HomeTableViewController.swift */,
				03BD860F2060BCBA001132CB /* StatusTableViewCell.swift */,
				03BD860B2060AAC9001132CB /* Status.swift */,
				03BD860D2060B979001132CB /* User.swift */,
			);
			path = Home;
			sourceTree = "<group>";
		};
		7A2D7FC520505182004FC401 /* Compose */ = {
			isa = PBXGroup;
			children = (
			);
			path = Compose;
			sourceTree = "<group>";
		};
		7A2D7FC620505182004FC401 /* Helper */ = {
			isa = PBXGroup;
			children = (
			);
			path = Helper;
			sourceTree = "<group>";
		};
		7A2D7FC720505182004FC401 /* Popover */ = {
			isa = PBXGroup;
			children = (
			);
			path = Popover;
			sourceTree = "<group>";
		};
		7A2D7FC820505182004FC401 /* QRCode */ = {
			isa = PBXGroup;
			children = (
			);
			path = QRCode;
			sourceTree = "<group>";
		};
		7A2D7FC920505182004FC401 /* Timeline */ = {
			isa = PBXGroup;
			children = (
			);
			path = Timeline;
			sourceTree = "<group>";
		};
		7A2D7FCA20505182004FC401 /* Main */ = {
			isa = PBXGroup;
			children = (
				7A2D7FCB20505182004FC401 /* Resource */,
				7AAA66BF205301D80006DC5C /* MainViewController.swift */,
				7AAA66CD2054D7300006DC5C /* BaseTableViewController.swift */,
				7AAA66CF2054D8C90006DC5C /* VisitorView.swift */,
			);
			path = Main;
			sourceTree = "<group>";
		};
		7A2D7FCB20505182004FC401 /* Resource */ = {
			isa = PBXGroup;
			children = (
				7AAA66C92053073D0006DC5C /* MainVCSettings.json */,
				7AAA66CB2054C7900006DC5C /* NullViewController.swift */,
			);
			path = Resource;
			sourceTree = "<group>";
		};
		7A2D7FCC20505182004FC401 /* Message */ = {
			isa = PBXGroup;
			children = (
				7AAA66C32053025B0006DC5C /* MessageTableViewController.swift */,
			);
			path = Message;
			sourceTree = "<group>";
		};
		7A2D7FCD20505182004FC401 /* NewFeature-新特性 */ = {
			isa = PBXGroup;
			children = (
				0343DD15205C481900A1B21E /* NewFeatureViewController.swift */,
				0343DD17205D15E900A1B21E /* WelcomeViewController.swift */,
			);
			path = "NewFeature-新特性";
			sourceTree = "<group>";
		};
		7A2D7FCE20505182004FC401 /* OAuth */ = {
			isa = PBXGroup;
			children = (
				032938142056E0DE007415A9 /* OAuthViewController.swift */,
				032938E82057B4BA007415A9 /* UserAccount.swift */,
			);
			path = OAuth;
			sourceTree = "<group>";
		};
		7A2D7FCF20505182004FC401 /* Profile */ = {
			isa = PBXGroup;
			children = (
				7AAA66C52053026C0006DC5C /* ProfileTableViewController.swift */,
			);
			path = Profile;
			sourceTree = "<group>";
		};
		7A2D7FD020505182004FC401 /* Tools */ = {
			isa = PBXGroup;
			children = (
				032938EA2057B6BC007415A9 /* NetWorkTools.swift */,
			);
			path = Tools;
			sourceTree = "<group>";
		};
		C936AC1C19B475D582190013 /* Pods */ = {
			isa = PBXGroup;
			children = (
				ADAD87AA74800B5605023A3F /* Pods-SinaWeiboSwift.debug.xcconfig */,
				721D07410CABE70FE25A706A /* Pods-SinaWeiboSwift.release.xcconfig */,
			);
			name = Pods;
			sourceTree = "<group>";
		};
		FECF152D5E8EF98DA182D757 /* Frameworks */ = {
			isa = PBXGroup;
			children = (
				7A2D7FB92050505B004FC401 /* AFNetworking.framework */,
				7A2D7FB82050505A004FC401 /* SDWebImage.framework */,
				7A2D7FBA2050505B004FC401 /* SVProgressHUD.framework */,
				7A2D7FB72050505A004FC401 /* YYKit.framework */,
				9D85783C690FF1E36C649963 /* Pods_SinaWeiboSwift.framework */,
			);
			name = Frameworks;
			sourceTree = "<group>";
		};
/* End PBXGroup section */

/* Begin PBXNativeTarget section */
		7A2D7F8520504E56004FC401 /* SinaWeiboSwift */ = {
			isa = PBXNativeTarget;
			buildConfigurationList = 7A2D7FAE20504E57004FC401 /* Build configuration list for PBXNativeTarget "SinaWeiboSwift" */;
			buildPhases = (
				2800B0D0D76C97755CD576F4 /* [CP] Check Pods Manifest.lock */,
				7A2D7F8220504E56004FC401 /* Sources */,
				7A2D7F8320504E56004FC401 /* Frameworks */,
				7A2D7F8420504E56004FC401 /* Resources */,
				72DF5B200509BA48C036119C /* [CP] Embed Pods Frameworks */,
				795B4983E49ECD736E8EB032 /* [CP] Copy Pods Resources */,
				7A2D7FBF20505060004FC401 /* ShellScript */,
			);
			buildRules = (
			);
			dependencies = (
			);
			name = SinaWeiboSwift;
			productName = SinaWeiboSwift;
			productReference = 7A2D7F8620504E56004FC401 /* SinaWeiboSwift.app */;
			productType = "com.apple.product-type.application";
		};
		7A2D7F9920504E57004FC401 /* SinaWeiboSwiftTests */ = {
			isa = PBXNativeTarget;
			buildConfigurationList = 7A2D7FB120504E57004FC401 /* Build configuration list for PBXNativeTarget "SinaWeiboSwiftTests" */;
			buildPhases = (
				7A2D7F9620504E57004FC401 /* Sources */,
				7A2D7F9720504E57004FC401 /* Frameworks */,
				7A2D7F9820504E57004FC401 /* Resources */,
			);
			buildRules = (
			);
			dependencies = (
				7A2D7F9C20504E57004FC401 /* PBXTargetDependency */,
			);
			name = SinaWeiboSwiftTests;
			productName = SinaWeiboSwiftTests;
			productReference = 7A2D7F9A20504E57004FC401 /* SinaWeiboSwiftTests.xctest */;
			productType = "com.apple.product-type.bundle.unit-test";
		};
		7A2D7FA420504E57004FC401 /* SinaWeiboSwiftUITests */ = {
			isa = PBXNativeTarget;
			buildConfigurationList = 7A2D7FB420504E57004FC401 /* Build configuration list for PBXNativeTarget "SinaWeiboSwiftUITests" */;
			buildPhases = (
				7A2D7FA120504E57004FC401 /* Sources */,
				7A2D7FA220504E57004FC401 /* Frameworks */,
				7A2D7FA320504E57004FC401 /* Resources */,
			);
			buildRules = (
			);
			dependencies = (
				7A2D7FA720504E57004FC401 /* PBXTargetDependency */,
			);
			name = SinaWeiboSwiftUITests;
			productName = SinaWeiboSwiftUITests;
			productReference = 7A2D7FA520504E57004FC401 /* SinaWeiboSwiftUITests.xctest */;
			productType = "com.apple.product-type.bundle.ui-testing";
		};
/* End PBXNativeTarget section */

/* Begin PBXProject section */
		7A2D7F7E20504E56004FC401 /* Project object */ = {
			isa = PBXProject;
			attributes = {
				LastSwiftUpdateCheck = 0920;
				LastUpgradeCheck = 0920;
				ORGANIZATIONNAME = zyy;
				TargetAttributes = {
					7A2D7F8520504E56004FC401 = {
						CreatedOnToolsVersion = 9.2;
						ProvisioningStyle = Automatic;
					};
					7A2D7F9920504E57004FC401 = {
						CreatedOnToolsVersion = 9.2;
						ProvisioningStyle = Automatic;
						TestTargetID = 7A2D7F8520504E56004FC401;
					};
					7A2D7FA420504E57004FC401 = {
						CreatedOnToolsVersion = 9.2;
						ProvisioningStyle = Automatic;
						TestTargetID = 7A2D7F8520504E56004FC401;
					};
				};
			};
			buildConfigurationList = 7A2D7F8120504E56004FC401 /* Build configuration list for PBXProject "SinaWeiboSwift" */;
			compatibilityVersion = "Xcode 8.0";
			developmentRegion = en;
			hasScannedForEncodings = 0;
			knownRegions = (
				en,
				Base,
			);
			mainGroup = 7A2D7F7D20504E56004FC401;
			productRefGroup = 7A2D7F8720504E56004FC401 /* Products */;
			projectDirPath = "";
			projectRoot = "";
			targets = (
				7A2D7F8520504E56004FC401 /* SinaWeiboSwift */,
				7A2D7F9920504E57004FC401 /* SinaWeiboSwiftTests */,
				7A2D7FA420504E57004FC401 /* SinaWeiboSwiftUITests */,
			);
		};
/* End PBXProject section */

/* Begin PBXResourcesBuildPhase section */
		7A2D7F8420504E56004FC401 /* Resources */ = {
			isa = PBXResourcesBuildPhase;
			buildActionMask = 2147483647;
			files = (
				7AAA66CA2053073D0006DC5C /* MainVCSettings.json in Resources */,
				7A2D7F9120504E56004FC401 /* Assets.xcassets in Resources */,
			);
			runOnlyForDeploymentPostprocessing = 0;
		};
		7A2D7F9820504E57004FC401 /* Resources */ = {
			isa = PBXResourcesBuildPhase;
			buildActionMask = 2147483647;
			files = (
			);
			runOnlyForDeploymentPostprocessing = 0;
		};
		7A2D7FA320504E57004FC401 /* Resources */ = {
			isa = PBXResourcesBuildPhase;
			buildActionMask = 2147483647;
			files = (
			);
			runOnlyForDeploymentPostprocessing = 0;
		};
/* End PBXResourcesBuildPhase section */

/* Begin PBXShellScriptBuildPhase section */
		2800B0D0D76C97755CD576F4 /* [CP] Check Pods Manifest.lock */ = {
			isa = PBXShellScriptBuildPhase;
			buildActionMask = 2147483647;
			files = (
			);
			inputPaths = (
				"${PODS_PODFILE_DIR_PATH}/Podfile.lock",
				"${PODS_ROOT}/Manifest.lock",
			);
			name = "[CP] Check Pods Manifest.lock";
			outputPaths = (
				"$(DERIVED_FILE_DIR)/Pods-SinaWeiboSwift-checkManifestLockResult.txt",
			);
			runOnlyForDeploymentPostprocessing = 0;
			shellPath = /bin/sh;
			shellScript = "diff \"${PODS_PODFILE_DIR_PATH}/Podfile.lock\" \"${PODS_ROOT}/Manifest.lock\" > /dev/null\nif [ $? != 0 ] ; then\n    # print error to STDERR\n    echo \"error: The sandbox is not in sync with the Podfile.lock. Run 'pod install' or update your CocoaPods installation.\" >&2\n    exit 1\nfi\n# This output is used by Xcode 'outputs' to avoid re-running this script phase.\necho \"SUCCESS\" > \"${SCRIPT_OUTPUT_FILE_0}\"\n";
			showEnvVarsInLog = 0;
		};
		72DF5B200509BA48C036119C /* [CP] Embed Pods Frameworks */ = {
			isa = PBXShellScriptBuildPhase;
			buildActionMask = 2147483647;
			files = (
			);
			inputPaths = (
				"${SRCROOT}/Pods/Target Support Files/Pods-SinaWeiboSwift/Pods-SinaWeiboSwift-frameworks.sh",
				"${BUILT_PRODUCTS_DIR}/SnapKit/SnapKit.framework",
			);
			name = "[CP] Embed Pods Frameworks";
			outputPaths = (
				"${TARGET_BUILD_DIR}/${FRAMEWORKS_FOLDER_PATH}/SnapKit.framework",
			);
			runOnlyForDeploymentPostprocessing = 0;
			shellPath = /bin/sh;
			shellScript = "\"${SRCROOT}/Pods/Target Support Files/Pods-SinaWeiboSwift/Pods-SinaWeiboSwift-frameworks.sh\"\n";
			showEnvVarsInLog = 0;
		};
		795B4983E49ECD736E8EB032 /* [CP] Copy Pods Resources */ = {
			isa = PBXShellScriptBuildPhase;
			buildActionMask = 2147483647;
			files = (
			);
			inputPaths = (
			);
			name = "[CP] Copy Pods Resources";
			outputPaths = (
			);
			runOnlyForDeploymentPostprocessing = 0;
			shellPath = /bin/sh;
			shellScript = "\"${SRCROOT}/Pods/Target Support Files/Pods-SinaWeiboSwift/Pods-SinaWeiboSwift-resources.sh\"\n";
			showEnvVarsInLog = 0;
		};
		7A2D7FBF20505060004FC401 /* ShellScript */ = {
			isa = PBXShellScriptBuildPhase;
			buildActionMask = 2147483647;
			files = (
			);
			inputPaths = (
				"$(SRCROOT)/Carthage/Build/iOS/SVProgressHUD.framework",
				"$(SRCROOT)/Carthage/Build/iOS/AFNetworking.framework",
				"$(SRCROOT)/Carthage/Build/iOS/YYKit.framework",
				"$(SRCROOT)/Carthage/Build/iOS/SDWebImage.framework",
			);
			outputPaths = (
			);
			runOnlyForDeploymentPostprocessing = 0;
			shellPath = /bin/sh;
			shellScript = "/usr/local/bin/carthage copy-frameworks";
		};
/* End PBXShellScriptBuildPhase section */

/* Begin PBXSourcesBuildPhase section */
		7A2D7F8220504E56004FC401 /* Sources */ = {
			isa = PBXSourcesBuildPhase;
			buildActionMask = 2147483647;
			files = (
				7AAA66C2205302340006DC5C /* HomeTableViewController.swift in Sources */,
				7AAA66C62053026C0006DC5C /* ProfileTableViewController.swift in Sources */,
				7AAA66CE2054D7300006DC5C /* BaseTableViewController.swift in Sources */,
				03BD86102060BCBA001132CB /* StatusTableViewCell.swift in Sources */,
				7AAA66C0205301D80006DC5C /* MainViewController.swift in Sources */,
				0343DD16205C481900A1B21E /* NewFeatureViewController.swift in Sources */,
				032938152056E0DE007415A9 /* OAuthViewController.swift in Sources */,
				032938E92057B4BA007415A9 /* UserAccount.swift in Sources */,
				032938EB2057B6BC007415A9 /* NetWorkTools.swift in Sources */,
				03BD860E2060B979001132CB /* User.swift in Sources */,
				7AAA66D420558D360006DC5C /* TitleButton.swift in Sources */,
				0343DD18205D15E900A1B21E /* WelcomeViewController.swift in Sources */,
				032938F02057BB7B007415A9 /* Global.swift in Sources */,
				7AAA66C42053025B0006DC5C /* MessageTableViewController.swift in Sources */,
				7AAA66C82053027F0006DC5C /* DiscoverTableViewController.swift in Sources */,
				7AAA66D02054D8C90006DC5C /* VisitorView.swift in Sources */,
				7A2D7F8A20504E56004FC401 /* AppDelegate.swift in Sources */,
				7AAA66D22055891C0006DC5C /* UIBarButtonItem+Category.swift in Sources */,
				7AAA66CC2054C7900006DC5C /* NullViewController.swift in Sources */,
				03BD86122060DDC0001132CB /* UIColor+Category.swift in Sources */,
				03BD860C2060AAC9001132CB /* Status.swift in Sources */,
				032938ED2057B76F007415A9 /* Sting+Category.swift in Sources */,
			);
			runOnlyForDeploymentPostprocessing = 0;
		};
		7A2D7F9620504E57004FC401 /* Sources */ = {
			isa = PBXSourcesBuildPhase;
			buildActionMask = 2147483647;
			files = (
				7A2D7F9F20504E57004FC401 /* SinaWeiboSwiftTests.swift in Sources */,
			);
			runOnlyForDeploymentPostprocessing = 0;
		};
		7A2D7FA120504E57004FC401 /* Sources */ = {
			isa = PBXSourcesBuildPhase;
			buildActionMask = 2147483647;
			files = (
				7A2D7FAA20504E57004FC401 /* SinaWeiboSwiftUITests.swift in Sources */,
			);
			runOnlyForDeploymentPostprocessing = 0;
		};
/* End PBXSourcesBuildPhase section */

/* Begin PBXTargetDependency section */
		7A2D7F9C20504E57004FC401 /* PBXTargetDependency */ = {
			isa = PBXTargetDependency;
			target = 7A2D7F8520504E56004FC401 /* SinaWeiboSwift */;
			targetProxy = 7A2D7F9B20504E57004FC401 /* PBXContainerItemProxy */;
		};
		7A2D7FA720504E57004FC401 /* PBXTargetDependency */ = {
			isa = PBXTargetDependency;
			target = 7A2D7F8520504E56004FC401 /* SinaWeiboSwift */;
			targetProxy = 7A2D7FA620504E57004FC401 /* PBXContainerItemProxy */;
		};
/* End PBXTargetDependency section */

/* Begin XCBuildConfiguration section */
		7A2D7FAC20504E57004FC401 /* Debug */ = {
			isa = XCBuildConfiguration;
			buildSettings = {
				ALWAYS_SEARCH_USER_PATHS = NO;
				CLANG_ANALYZER_NONNULL = YES;
				CLANG_ANALYZER_NUMBER_OBJECT_CONVERSION = YES_AGGRESSIVE;
				CLANG_CXX_LANGUAGE_STANDARD = "gnu++14";
				CLANG_CXX_LIBRARY = "libc++";
				CLANG_ENABLE_MODULES = YES;
				CLANG_ENABLE_OBJC_ARC = YES;
				CLANG_WARN_BLOCK_CAPTURE_AUTORELEASING = YES;
				CLANG_WARN_BOOL_CONVERSION = YES;
				CLANG_WARN_COMMA = YES;
				CLANG_WARN_CONSTANT_CONVERSION = YES;
				CLANG_WARN_DIRECT_OBJC_ISA_USAGE = YES_ERROR;
				CLANG_WARN_DOCUMENTATION_COMMENTS = YES;
				CLANG_WARN_EMPTY_BODY = YES;
				CLANG_WARN_ENUM_CONVERSION = YES;
				CLANG_WARN_INFINITE_RECURSION = YES;
				CLANG_WARN_INT_CONVERSION = YES;
				CLANG_WARN_NON_LITERAL_NULL_CONVERSION = YES;
				CLANG_WARN_OBJC_LITERAL_CONVERSION = YES;
				CLANG_WARN_OBJC_ROOT_CLASS = YES_ERROR;
				CLANG_WARN_RANGE_LOOP_ANALYSIS = YES;
				CLANG_WARN_STRICT_PROTOTYPES = YES;
				CLANG_WARN_SUSPICIOUS_MOVE = YES;
				CLANG_WARN_UNGUARDED_AVAILABILITY = YES_AGGRESSIVE;
				CLANG_WARN_UNREACHABLE_CODE = YES;
				CLANG_WARN__DUPLICATE_METHOD_MATCH = YES;
				CODE_SIGN_IDENTITY = "iPhone Developer";
				COPY_PHASE_STRIP = NO;
				DEBUG_INFORMATION_FORMAT = dwarf;
				ENABLE_STRICT_OBJC_MSGSEND = YES;
				ENABLE_TESTABILITY = YES;
				GCC_C_LANGUAGE_STANDARD = gnu11;
				GCC_DYNAMIC_NO_PIC = NO;
				GCC_NO_COMMON_BLOCKS = YES;
				GCC_OPTIMIZATION_LEVEL = 0;
				GCC_PREPROCESSOR_DEFINITIONS = (
					"DEBUG=1",
					"$(inherited)",
				);
				GCC_WARN_64_TO_32_BIT_CONVERSION = YES;
				GCC_WARN_ABOUT_RETURN_TYPE = YES_ERROR;
				GCC_WARN_UNDECLARED_SELECTOR = YES;
				GCC_WARN_UNINITIALIZED_AUTOS = YES_AGGRESSIVE;
				GCC_WARN_UNUSED_FUNCTION = YES;
				GCC_WARN_UNUSED_VARIABLE = YES;
				IPHONEOS_DEPLOYMENT_TARGET = 11.2;
				MTL_ENABLE_DEBUG_INFO = YES;
				ONLY_ACTIVE_ARCH = YES;
				SDKROOT = iphoneos;
				SWIFT_ACTIVE_COMPILATION_CONDITIONS = DEBUG;
				SWIFT_OPTIMIZATION_LEVEL = "-Onone";
			};
			name = Debug;
		};
		7A2D7FAD20504E57004FC401 /* Release */ = {
			isa = XCBuildConfiguration;
			buildSettings = {
				ALWAYS_SEARCH_USER_PATHS = NO;
				CLANG_ANALYZER_NONNULL = YES;
				CLANG_ANALYZER_NUMBER_OBJECT_CONVERSION = YES_AGGRESSIVE;
				CLANG_CXX_LANGUAGE_STANDARD = "gnu++14";
				CLANG_CXX_LIBRARY = "libc++";
				CLANG_ENABLE_MODULES = YES;
				CLANG_ENABLE_OBJC_ARC = YES;
				CLANG_WARN_BLOCK_CAPTURE_AUTORELEASING = YES;
				CLANG_WARN_BOOL_CONVERSION = YES;
				CLANG_WARN_COMMA = YES;
				CLANG_WARN_CONSTANT_CONVERSION = YES;
				CLANG_WARN_DIRECT_OBJC_ISA_USAGE = YES_ERROR;
				CLANG_WARN_DOCUMENTATION_COMMENTS = YES;
				CLANG_WARN_EMPTY_BODY = YES;
				CLANG_WARN_ENUM_CONVERSION = YES;
				CLANG_WARN_INFINITE_RECURSION = YES;
				CLANG_WARN_INT_CONVERSION = YES;
				CLANG_WARN_NON_LITERAL_NULL_CONVERSION = YES;
				CLANG_WARN_OBJC_LITERAL_CONVERSION = YES;
				CLANG_WARN_OBJC_ROOT_CLASS = YES_ERROR;
				CLANG_WARN_RANGE_LOOP_ANALYSIS = YES;
				CLANG_WARN_STRICT_PROTOTYPES = YES;
				CLANG_WARN_SUSPICIOUS_MOVE = YES;
				CLANG_WARN_UNGUARDED_AVAILABILITY = YES_AGGRESSIVE;
				CLANG_WARN_UNREACHABLE_CODE = YES;
				CLANG_WARN__DUPLICATE_METHOD_MATCH = YES;
				CODE_SIGN_IDENTITY = "iPhone Developer";
				COPY_PHASE_STRIP = NO;
				DEBUG_INFORMATION_FORMAT = "dwarf-with-dsym";
				ENABLE_NS_ASSERTIONS = NO;
				ENABLE_STRICT_OBJC_MSGSEND = YES;
				GCC_C_LANGUAGE_STANDARD = gnu11;
				GCC_NO_COMMON_BLOCKS = YES;
				GCC_WARN_64_TO_32_BIT_CONVERSION = YES;
				GCC_WARN_ABOUT_RETURN_TYPE = YES_ERROR;
				GCC_WARN_UNDECLARED_SELECTOR = YES;
				GCC_WARN_UNINITIALIZED_AUTOS = YES_AGGRESSIVE;
				GCC_WARN_UNUSED_FUNCTION = YES;
				GCC_WARN_UNUSED_VARIABLE = YES;
				IPHONEOS_DEPLOYMENT_TARGET = 11.2;
				MTL_ENABLE_DEBUG_INFO = NO;
				SDKROOT = iphoneos;
				SWIFT_OPTIMIZATION_LEVEL = "-Owholemodule";
				VALIDATE_PRODUCT = YES;
			};
			name = Release;
		};
		7A2D7FAF20504E57004FC401 /* Debug */ = {
			isa = XCBuildConfiguration;
			baseConfigurationReference = ADAD87AA74800B5605023A3F /* Pods-SinaWeiboSwift.debug.xcconfig */;
			buildSettings = {
				ASSETCATALOG_COMPILER_APPICON_NAME = AppIcon;
				ASSETCATALOG_COMPILER_LAUNCHIMAGE_NAME = LaunchImage;
				CODE_SIGN_STYLE = Automatic;
				DEVELOPMENT_TEAM = 8UNX9CEP52;
				FRAMEWORK_SEARCH_PATHS = (
					"$(inherited)",
					"$(PROJECT_DIR)/Carthage/Build/iOS",
				);
				INFOPLIST_FILE = SinaWeiboSwift/Info.plist;
				IPHONEOS_DEPLOYMENT_TARGET = 10.2;
				LD_RUNPATH_SEARCH_PATHS = "$(inherited) @executable_path/Frameworks";
				PRODUCT_BUNDLE_IDENTIFIER = zyy.SinaWeiboSwift;
				PRODUCT_NAME = "$(TARGET_NAME)";
				SWIFT_VERSION = 4.0;
				TARGETED_DEVICE_FAMILY = 1;
			};
			name = Debug;
		};
		7A2D7FB020504E57004FC401 /* Release */ = {
			isa = XCBuildConfiguration;
			baseConfigurationReference = 721D07410CABE70FE25A706A /* Pods-SinaWeiboSwift.release.xcconfig */;
			buildSettings = {
				ASSETCATALOG_COMPILER_APPICON_NAME = AppIcon;
				ASSETCATALOG_COMPILER_LAUNCHIMAGE_NAME = LaunchImage;
				CODE_SIGN_STYLE = Automatic;
				DEVELOPMENT_TEAM = 8UNX9CEP52;
				FRAMEWORK_SEARCH_PATHS = (
					"$(inherited)",
					"$(PROJECT_DIR)/Carthage/Build/iOS",
				);
				INFOPLIST_FILE = SinaWeiboSwift/Info.plist;
				IPHONEOS_DEPLOYMENT_TARGET = 10.2;
				LD_RUNPATH_SEARCH_PATHS = "$(inherited) @executable_path/Frameworks";
				PRODUCT_BUNDLE_IDENTIFIER = zyy.SinaWeiboSwift;
				PRODUCT_NAME = "$(TARGET_NAME)";
				SWIFT_VERSION = 4.0;
				TARGETED_DEVICE_FAMILY = 1;
			};
			name = Release;
		};
		7A2D7FB220504E57004FC401 /* Debug */ = {
			isa = XCBuildConfiguration;
			buildSettings = {
				ALWAYS_EMBED_SWIFT_STANDARD_LIBRARIES = YES;
				BUNDLE_LOADER = "$(TEST_HOST)";
				CODE_SIGN_STYLE = Automatic;
				INFOPLIST_FILE = SinaWeiboSwiftTests/Info.plist;
				LD_RUNPATH_SEARCH_PATHS = "$(inherited) @executable_path/Frameworks @loader_path/Frameworks";
				PRODUCT_BUNDLE_IDENTIFIER = zyy.SinaWeiboSwiftTests;
				PRODUCT_NAME = "$(TARGET_NAME)";
				SWIFT_VERSION = 4.0;
				TARGETED_DEVICE_FAMILY = "1,2";
				TEST_HOST = "$(BUILT_PRODUCTS_DIR)/SinaWeiboSwift.app/SinaWeiboSwift";
			};
			name = Debug;
		};
		7A2D7FB320504E57004FC401 /* Release */ = {
			isa = XCBuildConfiguration;
			buildSettings = {
				ALWAYS_EMBED_SWIFT_STANDARD_LIBRARIES = YES;
				BUNDLE_LOADER = "$(TEST_HOST)";
				CODE_SIGN_STYLE = Automatic;
				INFOPLIST_FILE = SinaWeiboSwiftTests/Info.plist;
				LD_RUNPATH_SEARCH_PATHS = "$(inherited) @executable_path/Frameworks @loader_path/Frameworks";
				PRODUCT_BUNDLE_IDENTIFIER = zyy.SinaWeiboSwiftTests;
				PRODUCT_NAME = "$(TARGET_NAME)";
				SWIFT_VERSION = 4.0;
				TARGETED_DEVICE_FAMILY = "1,2";
				TEST_HOST = "$(BUILT_PRODUCTS_DIR)/SinaWeiboSwift.app/SinaWeiboSwift";
			};
			name = Release;
		};
		7A2D7FB520504E57004FC401 /* Debug */ = {
			isa = XCBuildConfiguration;
			buildSettings = {
				ALWAYS_EMBED_SWIFT_STANDARD_LIBRARIES = YES;
				CODE_SIGN_STYLE = Automatic;
				INFOPLIST_FILE = SinaWeiboSwiftUITests/Info.plist;
				LD_RUNPATH_SEARCH_PATHS = "$(inherited) @executable_path/Frameworks @loader_path/Frameworks";
				PRODUCT_BUNDLE_IDENTIFIER = zyy.SinaWeiboSwiftUITests;
				PRODUCT_NAME = "$(TARGET_NAME)";
				SWIFT_VERSION = 4.0;
				TARGETED_DEVICE_FAMILY = "1,2";
				TEST_TARGET_NAME = SinaWeiboSwift;
			};
			name = Debug;
		};
		7A2D7FB620504E57004FC401 /* Release */ = {
			isa = XCBuildConfiguration;
			buildSettings = {
				ALWAYS_EMBED_SWIFT_STANDARD_LIBRARIES = YES;
				CODE_SIGN_STYLE = Automatic;
				INFOPLIST_FILE = SinaWeiboSwiftUITests/Info.plist;
				LD_RUNPATH_SEARCH_PATHS = "$(inherited) @executable_path/Frameworks @loader_path/Frameworks";
				PRODUCT_BUNDLE_IDENTIFIER = zyy.SinaWeiboSwiftUITests;
				PRODUCT_NAME = "$(TARGET_NAME)";
				SWIFT_VERSION = 4.0;
				TARGETED_DEVICE_FAMILY = "1,2";
				TEST_TARGET_NAME = SinaWeiboSwift;
			};
			name = Release;
		};
/* End XCBuildConfiguration section */

/* Begin XCConfigurationList section */
		7A2D7F8120504E56004FC401 /* Build configuration list for PBXProject "SinaWeiboSwift" */ = {
			isa = XCConfigurationList;
			buildConfigurations = (
				7A2D7FAC20504E57004FC401 /* Debug */,
				7A2D7FAD20504E57004FC401 /* Release */,
			);
			defaultConfigurationIsVisible = 0;
			defaultConfigurationName = Release;
		};
		7A2D7FAE20504E57004FC401 /* Build configuration list for PBXNativeTarget "SinaWeiboSwift" */ = {
			isa = XCConfigurationList;
			buildConfigurations = (
				7A2D7FAF20504E57004FC401 /* Debug */,
				7A2D7FB020504E57004FC401 /* Release */,
			);
			defaultConfigurationIsVisible = 0;
			defaultConfigurationName = Release;
		};
		7A2D7FB120504E57004FC401 /* Build configuration list for PBXNativeTarget "SinaWeiboSwiftTests" */ = {
			isa = XCConfigurationList;
			buildConfigurations = (
				7A2D7FB220504E57004FC401 /* Debug */,
				7A2D7FB320504E57004FC401 /* Release */,
			);
			defaultConfigurationIsVisible = 0;
			defaultConfigurationName = Release;
		};
		7A2D7FB420504E57004FC401 /* Build configuration list for PBXNativeTarget "SinaWeiboSwiftUITests" */ = {
			isa = XCConfigurationList;
			buildConfigurations = (
				7A2D7FB520504E57004FC401 /* Debug */,
				7A2D7FB620504E57004FC401 /* Release */,
			);
			defaultConfigurationIsVisible = 0;
			defaultConfigurationName = Release;
		};
/* End XCConfigurationList section */
	};
	rootObject = 7A2D7F7E20504E56004FC401 /* Project object */;
}
